schema: '2.0'
stages:
  preprocess:
    cmd: python scripts/preprocess.py --input data/raw --output data/processed
    deps:
      - path: data/raw
        md5: a1b2c3d4e5f6a7b8c9d0e1f2a3b4c5d6
        size: 204800
      - path: scripts/preprocess.py
        md5: 1a2b3c4d5e6f7a8b9c0d1e2f3a4b5c6d
        size: 3210
    params:
      params.yaml:
        learning_rate: 0.001
        batch_size: 32
    outs:
      - path: data/processed
        md5: b2c3d4e5f6a7b8c9d0e1f2a3b4c5d6e7
        size: 153600
  train:
    cmd: python scripts/train.py --data data/processed --output models/model.pkl
    deps:
      - path: data/processed
        md5: b2c3d4e5f6a7b8c9d0e1f2a3b4c5d6e7
        size: 153600
      - path: scripts/train.py
        md5: 2b3c4d5e6f7a8b9c0d1e2f3a4b5c6d7e
        size: 8192
    params:
      params.yaml:
        epochs: 10
        learning_rate: 0.001
    outs:
      - path: models/model.pkl
        md5: c3d4e5f6a7b8c9d0e1f2a3b4c5d6e7f8
        size: 524288
      - path: metrics/train_metrics.json
        md5: d4e5f6a7b8c9d0e1f2a3b4c5d6e7f8a9
        size: 512
